
Microsoft Visual Studio Solution File, Format Version 12.00
# Visual Studio Version 17
VisualStudioVersion = 17.14.36414.22 d17.14
MinimumVisualStudioVersion = 10.0.40219.1
Project("{FAE04EC0-301F-11D3-BF4B-00C04F79EFBC}") = "l3.3", "l3.3.csproj", "{6DBD2BBA-3BE5-4F9F-8A07-D0991C62E255}"
EndProject
Global
	GlobalSection(SolutionConfigurationPlatforms) = preSolution
		Debug|Any CPU = Debug|Any CPU
		Release|Any CPU = Release|Any CPU
	EndGlobalSection
	GlobalSection(ProjectConfigurationPlatforms) = postSolution
		{6DBD2BBA-3BE5-4F9F-8A07-D0991C62E255}.Debug|Any CPU.ActiveCfg = Debug|Any CPU
		{6DBD2BBA-3BE5-4F9F-8A07-D0991C62E255}.Debug|Any CPU.Build.0 = Debug|Any CPU
		{6DBD2BBA-3BE5-4F9F-8A07-D0991C62E255}.Release|Any CPU.ActiveCfg = Release|Any CPU
		{6DBD2BBA-3BE5-4F9F-8A07-D0991C62E255}.Release|Any CPU.Build.0 = Release|Any CPU
	EndGlobalSection
	GlobalSection(SolutionProperties) = preSolution
		HideSolutionNode = FALSE
	EndGlobalSection
	GlobalSection(ExtensibilityGlobals) = postSolution
		SolutionGuid = {A0945D2C-9AE2-4420-9D18-72E6DEACBB1F}
	EndGlobalSection
EndGlobal
